{
    "name": "图片压缩 - 可以自定义压缩尺寸和压缩质量",
    "version": "1.1.5",
    "lockfileVersion": 3,
    "requires": true,
    "packages": {
        "": {
            "name": "图片压缩 - 可以自定义压缩尺寸和压缩质量",
            "version": "1.1.5",
            "dependencies": {
                "addressit": "^1.8.2",
                "gcoord": "^1.0.6",
                "luch-request": "^3.1.1",
                "moment": "^2.30.1"
            }
        },
        "node_modules/@dcloudio/types": {
            "version": "2.6.12",
            "resolved": "https://registry.npmjs.org/@dcloudio/types/-/types-2.6.12.tgz",
            "integrity": "sha512-mrCMwcINy1IFjU9VUqLeWBkj404yWs5paLDttBcA+eqUjanuUQbBcTVPqlrGgkyzLXDcV2oDDZRSNxNpXi4kMQ=="
        },
        "node_modules/gcoord": {
            "version": "1.0.6",
            "resolved": "https://registry.npmjs.org/gcoord/-/gcoord-1.0.6.tgz",
            "integrity": "sha512-Z+uyWrD2BTWmJOUvAdEAZQdQIVA5MFwUu7P5BfBdQEpLiVAsNw9mZF3/QbDJ4ZbfcJEnFKgHXOgUFXo5r/aVPg==",
            "engines": {
                "node": ">=16.11.0"
            }
        },
        "node_modules/luch-request": {
            "version": "3.1.1",
            "resolved": "https://registry.npmjs.org/luch-request/-/luch-request-3.1.1.tgz",
            "integrity": "sha512-p7+mlcEtgRcd0OfXC4XZbyiwSr1XgCeqNT7LlVUjnk7InYl/8d5Rk7BUqAYNA2WRafI1wRIUQWRWZRpeUwWR0w==",
            "dependencies": {
                "@dcloudio/types": "^2.0.16"
            }
        },
        "node_modules/moment": {
            "version": "2.30.1",
            "resolved": "https://registry.npmjs.org/moment/-/moment-2.30.1.tgz",
            "integrity": "sha512-uEmtNhbDOrWPFS+hdjFCBfy9f2YoyzRpwcl+DqpC6taX21FzsTLQVbMV/W7PzNSX6x/bhC1zA3c2UQ5NzH6how==",
            "engines": {
                "node": "*"
            }
        }
    }
}
