{
    "name": "图片压缩 - 可以自定义压缩尺寸和压缩质量",
    "version": "1.1.5",
    "lockfileVersion": 3,
    "requires": true,
    "packages": {
        "": {
            "name": "图片压缩 - 可以自定义压缩尺寸和压缩质量",
            "version": "1.1.5",
            "dependencies": {
                "addressit": "^1.8.2",
                "gcoord": "^1.0.5"
            }
        },
        "node_modules/addressit": {
            "version": "1.8.2",
            "resolved": "https://registry.npmjs.org/addressit/-/addressit-1.8.2.tgz",
            "integrity": "sha512-DOVgmGyklDLD28FDx21V0eigvmwfOcfQ9myWWSe/lafZ3sB3hifvRh3lxTKw4PUrgWtKy6c4R/V9kLP9Ewx1AA==",
            "dependencies": {
                "cog": "^1.0.0"
            }
        },
        "node_modules/cog": {
            "version": "1.1.0",
            "resolved": "https://registry.npmjs.org/cog/-/cog-1.1.0.tgz",
            "integrity": "sha512-g6hFYt6/3kDkMM2QSE3x9PYz6g3hCL5OjLFgU+kAyDToHXw/hZ8nLqUf0g+vfnwDro7EHrm3whRrO1tA0r7u6A=="
        },
        "node_modules/gcoord": {
            "version": "1.0.5",
            "resolved": "https://registry.npmjs.org/gcoord/-/gcoord-1.0.5.tgz",
            "integrity": "sha512-IJjyWd7Q57K36SzoEAZ5LEnhFVXVR3996WJp/3NlleXVBzb/GcORfNhCw8JuZPvSGloHgG0yhPFK4Aqf0t/ohg==",
            "engines": {
                "node": ">=16.11.0"
            }
        }
    }
}
